PODS:
  - IQKeyboardManagerSwift (6.3.0)

DEPENDENCIES:
  - IQKeyboardManagerSwift (= 6.3.0)

SPEC REPOS:
  trunk:
    - IQKeyboardManagerSwift

SPEC CHECKSUMS:
  IQKeyboardManagerSwift: a8228c257614af98743b4cd8584637025f36358f

PODFILE CHECKSUM: c4a3b11ee082eb23e602509606d077de95d27e47

COCOAPODS: 1.11.3
