// !$*UTF8*$!
{
	archiveVersion = 1;
	classes = {
	};
	objectVersion = 55;
	objects = {

/* Begin PBXBuildFile section */
		9801638728C34D6800B77230 /* CharacterInformation.swift in Sources */ = {isa = PBXBuildFile; fileRef = 9801638628C34D6800B77230 /* CharacterInformation.swift */; };
		9801639228C35A1B00B77230 /* UIColor+Extension.swift in Sources */ = {isa = PBXBuildFile; fileRef = 9801639128C35A1B00B77230 /* UIColor+Extension.swift */; };
		9801639628C3609500B77230 /* UILabel+Extension.swift in Sources */ = {isa = PBXBuildFile; fileRef = 9801639528C3609500B77230 /* UILabel+Extension.swift */; };
		9801639828C364B700B77230 /* UIButton+Extension.swift in Sources */ = {isa = PBXBuildFile; fileRef = 9801639728C364B700B77230 /* UIButton+Extension.swift */; };
		9801639A28C3661600B77230 /* UITextField+Extension.swift in Sources */ = {isa = PBXBuildFile; fileRef = 9801639928C3661600B77230 /* UITextField+Extension.swift */; };
		98581A0328C464060057FE3A /* CharacterData.swift in Sources */ = {isa = PBXBuildFile; fileRef = 98581A0228C464060057FE3A /* CharacterData.swift */; };
		98581A0528C4AB470057FE3A /* SettingList.swift in Sources */ = {isa = PBXBuildFile; fileRef = 98581A0428C4AB470057FE3A /* SettingList.swift */; };
		98581A0728C4ABA40057FE3A /* SettingData.swift in Sources */ = {isa = PBXBuildFile; fileRef = 98581A0628C4ABA40057FE3A /* SettingData.swift */; };
		9863B1052891310A0080E247 /* AppDelegate.swift in Sources */ = {isa = PBXBuildFile; fileRef = 9863B1042891310A0080E247 /* AppDelegate.swift */; };
		9863B1072891310A0080E247 /* SceneDelegate.swift in Sources */ = {isa = PBXBuildFile; fileRef = 9863B1062891310A0080E247 /* SceneDelegate.swift */; };
		9863B1092891310A0080E247 /* ViewController.swift in Sources */ = {isa = PBXBuildFile; fileRef = 9863B1082891310A0080E247 /* ViewController.swift */; };
		9863B10C2891310A0080E247 /* Main.storyboard in Resources */ = {isa = PBXBuildFile; fileRef = 9863B10A2891310A0080E247 /* Main.storyboard */; };
		9863B10E2891310B0080E247 /* Assets.xcassets in Resources */ = {isa = PBXBuildFile; fileRef = 9863B10D2891310B0080E247 /* Assets.xcassets */; };
		9863B1112891310B0080E247 /* LaunchScreen.storyboard in Resources */ = {isa = PBXBuildFile; fileRef = 9863B10F2891310B0080E247 /* LaunchScreen.storyboard */; };
		98DAADB928C32F0900720407 /* SelectionCollectionViewController.swift in Sources */ = {isa = PBXBuildFile; fileRef = 98DAADB828C32F0900720407 /* SelectionCollectionViewController.swift */; };
		98DAADBB28C32F7200720407 /* CharaterPopUpViewController.swift in Sources */ = {isa = PBXBuildFile; fileRef = 98DAADBA28C32F7200720407 /* CharaterPopUpViewController.swift */; };
		98DAADBD28C32F8200720407 /* CharacterDetailViewController.swift in Sources */ = {isa = PBXBuildFile; fileRef = 98DAADBC28C32F8200720407 /* CharacterDetailViewController.swift */; };
		98DAADC128C32FD100720407 /* RenameViewController.swift in Sources */ = {isa = PBXBuildFile; fileRef = 98DAADC028C32FD100720407 /* RenameViewController.swift */; };
		98DAADC328C3302D00720407 /* SettingTableViewController.swift in Sources */ = {isa = PBXBuildFile; fileRef = 98DAADC228C3302D00720407 /* SettingTableViewController.swift */; };
		98DAADC528C330DF00720407 /* SelectionCollectionViewCell.swift in Sources */ = {isa = PBXBuildFile; fileRef = 98DAADC428C330DF00720407 /* SelectionCollectionViewCell.swift */; };
		98DAADC728C330FA00720407 /* SettingTableViewCell.swift in Sources */ = {isa = PBXBuildFile; fileRef = 98DAADC628C330FA00720407 /* SettingTableViewCell.swift */; };
/* End PBXBuildFile section */

/* Begin PBXFileReference section */
		9801638628C34D6800B77230 /* CharacterInformation.swift */ = {isa = PBXFileReference; lastKnownFileType = sourcecode.swift; path = CharacterInformation.swift; sourceTree = "<group>"; };
		9801639128C35A1B00B77230 /* UIColor+Extension.swift */ = {isa = PBXFileReference; lastKnownFileType = sourcecode.swift; path = "UIColor+Extension.swift"; sourceTree = "<group>"; };
		9801639528C3609500B77230 /* UILabel+Extension.swift */ = {isa = PBXFileReference; lastKnownFileType = sourcecode.swift; path = "UILabel+Extension.swift"; sourceTree = "<group>"; };
		9801639728C364B700B77230 /* UIButton+Extension.swift */ = {isa = PBXFileReference; lastKnownFileType = sourcecode.swift; path = "UIButton+Extension.swift"; sourceTree = "<group>"; };
		9801639928C3661600B77230 /* UITextField+Extension.swift */ = {isa = PBXFileReference; lastKnownFileType = sourcecode.swift; path = "UITextField+Extension.swift"; sourceTree = "<group>"; };
		98581A0228C464060057FE3A /* CharacterData.swift */ = {isa = PBXFileReference; lastKnownFileType = sourcecode.swift; path = CharacterData.swift; sourceTree = "<group>"; };
		98581A0428C4AB470057FE3A /* SettingList.swift */ = {isa = PBXFileReference; lastKnownFileType = sourcecode.swift; path = SettingList.swift; sourceTree = "<group>"; };
		98581A0628C4ABA40057FE3A /* SettingData.swift */ = {isa = PBXFileReference; lastKnownFileType = sourcecode.swift; path = SettingData.swift; sourceTree = "<group>"; };
		9863B1012891310A0080E247 /* Tamagotchi_Assessment.app */ = {isa = PBXFileReference; explicitFileType = wrapper.application; includeInIndex = 0; path = Tamagotchi_Assessment.app; sourceTree = BUILT_PRODUCTS_DIR; };
		9863B1042891310A0080E247 /* AppDelegate.swift */ = {isa = PBXFileReference; lastKnownFileType = sourcecode.swift; path = AppDelegate.swift; sourceTree = "<group>"; };
		9863B1062891310A0080E247 /* SceneDelegate.swift */ = {isa = PBXFileReference; lastKnownFileType = sourcecode.swift; path = SceneDelegate.swift; sourceTree = "<group>"; };
		9863B1082891310A0080E247 /* ViewController.swift */ = {isa = PBXFileReference; lastKnownFileType = sourcecode.swift; path = ViewController.swift; sourceTree = "<group>"; };
		9863B10B2891310A0080E247 /* Base */ = {isa = PBXFileReference; lastKnownFileType = file.storyboard; name = Base; path = Base.lproj/Main.storyboard; sourceTree = "<group>"; };
		9863B10D2891310B0080E247 /* Assets.xcassets */ = {isa = PBXFileReference; lastKnownFileType = folder.assetcatalog; path = Assets.xcassets; sourceTree = "<group>"; };
		9863B1102891310B0080E247 /* Base */ = {isa = PBXFileReference; lastKnownFileType = file.storyboard; name = Base; path = Base.lproj/LaunchScreen.storyboard; sourceTree = "<group>"; };
		9863B1122891310B0080E247 /* Info.plist */ = {isa = PBXFileReference; lastKnownFileType = text.plist.xml; path = Info.plist; sourceTree = "<group>"; };
		98DAADB828C32F0900720407 /* SelectionCollectionViewController.swift */ = {isa = PBXFileReference; lastKnownFileType = sourcecode.swift; path = SelectionCollectionViewController.swift; sourceTree = "<group>"; };
		98DAADBA28C32F7200720407 /* CharaterPopUpViewController.swift */ = {isa = PBXFileReference; lastKnownFileType = sourcecode.swift; path = CharaterPopUpViewController.swift; sourceTree = "<group>"; };
		98DAADBC28C32F8200720407 /* CharacterDetailViewController.swift */ = {isa = PBXFileReference; lastKnownFileType = sourcecode.swift; path = CharacterDetailViewController.swift; sourceTree = "<group>"; };
		98DAADC028C32FD100720407 /* RenameViewController.swift */ = {isa = PBXFileReference; lastKnownFileType = sourcecode.swift; path = RenameViewController.swift; sourceTree = "<group>"; };
		98DAADC228C3302D00720407 /* SettingTableViewController.swift */ = {isa = PBXFileReference; lastKnownFileType = sourcecode.swift; path = SettingTableViewController.swift; sourceTree = "<group>"; };
		98DAADC428C330DF00720407 /* SelectionCollectionViewCell.swift */ = {isa = PBXFileReference; lastKnownFileType = sourcecode.swift; path = SelectionCollectionViewCell.swift; sourceTree = "<group>"; };
		98DAADC628C330FA00720407 /* SettingTableViewCell.swift */ = {isa = PBXFileReference; lastKnownFileType = sourcecode.swift; path = SettingTableViewCell.swift; sourceTree = "<group>"; };
/* End PBXFileReference section */

/* Begin PBXFrameworksBuildPhase section */
		9863B0FE2891310A0080E247 /* Frameworks */ = {
			isa = PBXFrameworksBuildPhase;
			buildActionMask = 2147483647;
			files = (
			);
			runOnlyForDeploymentPostprocessing = 0;
		};
/* End PBXFrameworksBuildPhase section */

/* Begin PBXGroup section */
		9801638828C3581C00B77230 /* Extensions */ = {
			isa = PBXGroup;
			children = (
				9801639128C35A1B00B77230 /* UIColor+Extension.swift */,
				9801639528C3609500B77230 /* UILabel+Extension.swift */,
				9801639728C364B700B77230 /* UIButton+Extension.swift */,
				9801639928C3661600B77230 /* UITextField+Extension.swift */,
			);
			path = Extensions;
			sourceTree = "<group>";
		};
		9863B0F82891310A0080E247 = {
			isa = PBXGroup;
			children = (
				9863B1032891310A0080E247 /* Tamagotchi_Assessment */,
				9863B1022891310A0080E247 /* Products */,
			);
			sourceTree = "<group>";
		};
		9863B1022891310A0080E247 /* Products */ = {
			isa = PBXGroup;
			children = (
				9863B1012891310A0080E247 /* Tamagotchi_Assessment.app */,
			);
			name = Products;
			sourceTree = "<group>";
		};
		9863B1032891310A0080E247 /* Tamagotchi_Assessment */ = {
			isa = PBXGroup;
			children = (
				9863B1042891310A0080E247 /* AppDelegate.swift */,
				9863B1062891310A0080E247 /* SceneDelegate.swift */,
				9863B1082891310A0080E247 /* ViewController.swift */,
				9863B10A2891310A0080E247 /* Main.storyboard */,
				98DAADC828C3310500720407 /* Selection */,
				98DAADC928C3310A00720407 /* CharaterPopUp */,
				98DAADCA28C3310C00720407 /* CharaterDetail */,
				98DAADCB28C3310F00720407 /* Setting */,
				98DAADCC28C3311200720407 /* Rename */,
				9863B10D2891310B0080E247 /* Assets.xcassets */,
				9801638828C3581C00B77230 /* Extensions */,
				9863B10F2891310B0080E247 /* LaunchScreen.storyboard */,
				9863B1122891310B0080E247 /* Info.plist */,
			);
			path = Tamagotchi_Assessment;
			sourceTree = "<group>";
		};
		98DAADC828C3310500720407 /* Selection */ = {
			isa = PBXGroup;
			children = (
				98DAADB828C32F0900720407 /* SelectionCollectionViewController.swift */,
				98DAADC428C330DF00720407 /* SelectionCollectionViewCell.swift */,
				9801638628C34D6800B77230 /* CharacterInformation.swift */,
				98581A0228C464060057FE3A /* CharacterData.swift */,
			);
			path = Selection;
			sourceTree = "<group>";
		};
		98DAADC928C3310A00720407 /* CharaterPopUp */ = {
			isa = PBXGroup;
			children = (
				98DAADBA28C32F7200720407 /* CharaterPopUpViewController.swift */,
			);
			path = CharaterPopUp;
			sourceTree = "<group>";
		};
		98DAADCA28C3310C00720407 /* CharaterDetail */ = {
			isa = PBXGroup;
			children = (
				98DAADBC28C32F8200720407 /* CharacterDetailViewController.swift */,
			);
			path = CharaterDetail;
			sourceTree = "<group>";
		};
		98DAADCB28C3310F00720407 /* Setting */ = {
			isa = PBXGroup;
			children = (
				98DAADC228C3302D00720407 /* SettingTableViewController.swift */,
				98DAADC628C330FA00720407 /* SettingTableViewCell.swift */,
				98581A0428C4AB470057FE3A /* SettingList.swift */,
				98581A0628C4ABA40057FE3A /* SettingData.swift */,
			);
			path = Setting;
			sourceTree = "<group>";
		};
		98DAADCC28C3311200720407 /* Rename */ = {
			isa = PBXGroup;
			children = (
				98DAADC028C32FD100720407 /* RenameViewController.swift */,
			);
			path = Rename;
			sourceTree = "<group>";
		};
/* End PBXGroup section */

/* Begin PBXNativeTarget section */
		9863B1002891310A0080E247 /* Tamagotchi_Assessment */ = {
			isa = PBXNativeTarget;
			buildConfigurationList = 9863B1152891310B0080E247 /* Build configuration list for PBXNativeTarget "Tamagotchi_Assessment" */;
			buildPhases = (
				9863B0FD2891310A0080E247 /* Sources */,
				9863B0FE2891310A0080E247 /* Frameworks */,
				9863B0FF2891310A0080E247 /* Resources */,
			);
			buildRules = (
			);
			dependencies = (
			);
			name = Tamagotchi_Assessment;
			productName = Tamagotchi_Assessment;
			productReference = 9863B1012891310A0080E247 /* Tamagotchi_Assessment.app */;
			productType = "com.apple.product-type.application";
		};
/* End PBXNativeTarget section */

/* Begin PBXProject section */
		9863B0F92891310A0080E247 /* Project object */ = {
			isa = PBXProject;
			attributes = {
				BuildIndependentTargetsInParallel = 1;
				LastSwiftUpdateCheck = 1330;
				LastUpgradeCheck = 1330;
				TargetAttributes = {
					9863B1002891310A0080E247 = {
						CreatedOnToolsVersion = 13.3.1;
					};
				};
			};
			buildConfigurationList = 9863B0FC2891310A0080E247 /* Build configuration list for PBXProject "Tamagotchi_Assessment" */;
			compatibilityVersion = "Xcode 13.0";
			developmentRegion = en;
			hasScannedForEncodings = 0;
			knownRegions = (
				en,
				Base,
			);
			mainGroup = 9863B0F82891310A0080E247;
			productRefGroup = 9863B1022891310A0080E247 /* Products */;
			projectDirPath = "";
			projectRoot = "";
			targets = (
				9863B1002891310A0080E247 /* Tamagotchi_Assessment */,
			);
		};
/* End PBXProject section */

/* Begin PBXResourcesBuildPhase section */
		9863B0FF2891310A0080E247 /* Resources */ = {
			isa = PBXResourcesBuildPhase;
			buildActionMask = 2147483647;
			files = (
				9863B1112891310B0080E247 /* LaunchScreen.storyboard in Resources */,
				9863B10E2891310B0080E247 /* Assets.xcassets in Resources */,
				9863B10C2891310A0080E247 /* Main.storyboard in Resources */,
			);
			runOnlyForDeploymentPostprocessing = 0;
		};
/* End PBXResourcesBuildPhase section */

/* Begin PBXSourcesBuildPhase section */
		9863B0FD2891310A0080E247 /* Sources */ = {
			isa = PBXSourcesBuildPhase;
			buildActionMask = 2147483647;
			files = (
				9801639A28C3661600B77230 /* UITextField+Extension.swift in Sources */,
				98DAADBD28C32F8200720407 /* CharacterDetailViewController.swift in Sources */,
				98581A0528C4AB470057FE3A /* SettingList.swift in Sources */,
				98DAADC528C330DF00720407 /* SelectionCollectionViewCell.swift in Sources */,
				98581A0728C4ABA40057FE3A /* SettingData.swift in Sources */,
				98DAADC328C3302D00720407 /* SettingTableViewController.swift in Sources */,
				9801639228C35A1B00B77230 /* UIColor+Extension.swift in Sources */,
				98581A0328C464060057FE3A /* CharacterData.swift in Sources */,
				9801639828C364B700B77230 /* UIButton+Extension.swift in Sources */,
				98DAADB928C32F0900720407 /* SelectionCollectionViewController.swift in Sources */,
				98DAADC128C32FD100720407 /* RenameViewController.swift in Sources */,
				98DAADC728C330FA00720407 /* SettingTableViewCell.swift in Sources */,
				9801639628C3609500B77230 /* UILabel+Extension.swift in Sources */,
				9801638728C34D6800B77230 /* CharacterInformation.swift in Sources */,
				9863B1092891310A0080E247 /* ViewController.swift in Sources */,
				9863B1052891310A0080E247 /* AppDelegate.swift in Sources */,
				9863B1072891310A0080E247 /* SceneDelegate.swift in Sources */,
				98DAADBB28C32F7200720407 /* CharaterPopUpViewController.swift in Sources */,
			);
			runOnlyForDeploymentPostprocessing = 0;
		};
/* End PBXSourcesBuildPhase section */

/* Begin PBXVariantGroup section */
		9863B10A2891310A0080E247 /* Main.storyboard */ = {
			isa = PBXVariantGroup;
			children = (
				9863B10B2891310A0080E247 /* Base */,
			);
			name = Main.storyboard;
			sourceTree = "<group>";
		};
		9863B10F2891310B0080E247 /* LaunchScreen.storyboard */ = {
			isa = PBXVariantGroup;
			children = (
				9863B1102891310B0080E247 /* Base */,
			);
			name = LaunchScreen.storyboard;
			sourceTree = "<group>";
		};
/* End PBXVariantGroup section */

/* Begin XCBuildConfiguration section */
		9863B1132891310B0080E247 /* Debug */ = {
			isa = XCBuildConfiguration;
			buildSettings = {
				ALWAYS_SEARCH_USER_PATHS = NO;
				CLANG_ANALYZER_NONNULL = YES;
				CLANG_ANALYZER_NUMBER_OBJECT_CONVERSION = YES_AGGRESSIVE;
				CLANG_CXX_LANGUAGE_STANDARD = "gnu++17";
				CLANG_ENABLE_MODULES = YES;
				CLANG_ENABLE_OBJC_ARC = YES;
				CLANG_ENABLE_OBJC_WEAK = YES;
				CLANG_WARN_BLOCK_CAPTURE_AUTORELEASING = YES;
				CLANG_WARN_BOOL_CONVERSION = YES;
				CLANG_WARN_COMMA = YES;
				CLANG_WARN_CONSTANT_CONVERSION = YES;
				CLANG_WARN_DEPRECATED_OBJC_IMPLEMENTATIONS = YES;
				CLANG_WARN_DIRECT_OBJC_ISA_USAGE = YES_ERROR;
				CLANG_WARN_DOCUMENTATION_COMMENTS = YES;
				CLANG_WARN_EMPTY_BODY = YES;
				CLANG_WARN_ENUM_CONVERSION = YES;
				CLANG_WARN_INFINITE_RECURSION = YES;
				CLANG_WARN_INT_CONVERSION = YES;
				CLANG_WARN_NON_LITERAL_NULL_CONVERSION = YES;
				CLANG_WARN_OBJC_IMPLICIT_RETAIN_SELF = YES;
				CLANG_WARN_OBJC_LITERAL_CONVERSION = YES;
				CLANG_WARN_OBJC_ROOT_CLASS = YES_ERROR;
				CLANG_WARN_QUOTED_INCLUDE_IN_FRAMEWORK_HEADER = YES;
				CLANG_WARN_RANGE_LOOP_ANALYSIS = YES;
				CLANG_WARN_STRICT_PROTOTYPES = YES;
				CLANG_WARN_SUSPICIOUS_MOVE = YES;
				CLANG_WARN_UNGUARDED_AVAILABILITY = YES_AGGRESSIVE;
				CLANG_WARN_UNREACHABLE_CODE = YES;
				CLANG_WARN__DUPLICATE_METHOD_MATCH = YES;
				COPY_PHASE_STRIP = NO;
				DEBUG_INFORMATION_FORMAT = dwarf;
				ENABLE_STRICT_OBJC_MSGSEND = YES;
				ENABLE_TESTABILITY = YES;
				GCC_C_LANGUAGE_STANDARD = gnu11;
				GCC_DYNAMIC_NO_PIC = NO;
				GCC_NO_COMMON_BLOCKS = YES;
				GCC_OPTIMIZATION_LEVEL = 0;
				GCC_PREPROCESSOR_DEFINITIONS = (
					"DEBUG=1",
					"$(inherited)",
				);
				GCC_WARN_64_TO_32_BIT_CONVERSION = YES;
				GCC_WARN_ABOUT_RETURN_TYPE = YES_ERROR;
				GCC_WARN_UNDECLARED_SELECTOR = YES;
				GCC_WARN_UNINITIALIZED_AUTOS = YES_AGGRESSIVE;
				GCC_WARN_UNUSED_FUNCTION = YES;
				GCC_WARN_UNUSED_VARIABLE = YES;
				IPHONEOS_DEPLOYMENT_TARGET = 15.4;
				MTL_ENABLE_DEBUG_INFO = INCLUDE_SOURCE;
				MTL_FAST_MATH = YES;
				ONLY_ACTIVE_ARCH = YES;
				SDKROOT = iphoneos;
				SWIFT_ACTIVE_COMPILATION_CONDITIONS = DEBUG;
				SWIFT_OPTIMIZATION_LEVEL = "-Onone";
			};
			name = Debug;
		};
		9863B1142891310B0080E247 /* Release */ = {
			isa = XCBuildConfiguration;
			buildSettings = {
				ALWAYS_SEARCH_USER_PATHS = NO;
				CLANG_ANALYZER_NONNULL = YES;
				CLANG_ANALYZER_NUMBER_OBJECT_CONVERSION = YES_AGGRESSIVE;
				CLANG_CXX_LANGUAGE_STANDARD = "gnu++17";
				CLANG_ENABLE_MODULES = YES;
				CLANG_ENABLE_OBJC_ARC = YES;
				CLANG_ENABLE_OBJC_WEAK = YES;
				CLANG_WARN_BLOCK_CAPTURE_AUTORELEASING = YES;
				CLANG_WARN_BOOL_CONVERSION = YES;
				CLANG_WARN_COMMA = YES;
				CLANG_WARN_CONSTANT_CONVERSION = YES;
				CLANG_WARN_DEPRECATED_OBJC_IMPLEMENTATIONS = YES;
				CLANG_WARN_DIRECT_OBJC_ISA_USAGE = YES_ERROR;
				CLANG_WARN_DOCUMENTATION_COMMENTS = YES;
				CLANG_WARN_EMPTY_BODY = YES;
				CLANG_WARN_ENUM_CONVERSION = YES;
				CLANG_WARN_INFINITE_RECURSION = YES;
				CLANG_WARN_INT_CONVERSION = YES;
				CLANG_WARN_NON_LITERAL_NULL_CONVERSION = YES;
				CLANG_WARN_OBJC_IMPLICIT_RETAIN_SELF = YES;
				CLANG_WARN_OBJC_LITERAL_CONVERSION = YES;
				CLANG_WARN_OBJC_ROOT_CLASS = YES_ERROR;
				CLANG_WARN_QUOTED_INCLUDE_IN_FRAMEWORK_HEADER = YES;
				CLANG_WARN_RANGE_LOOP_ANALYSIS = YES;
				CLANG_WARN_STRICT_PROTOTYPES = YES;
				CLANG_WARN_SUSPICIOUS_MOVE = YES;
				CLANG_WARN_UNGUARDED_AVAILABILITY = YES_AGGRESSIVE;
				CLANG_WARN_UNREACHABLE_CODE = YES;
				CLANG_WARN__DUPLICATE_METHOD_MATCH = YES;
				COPY_PHASE_STRIP = NO;
				DEBUG_INFORMATION_FORMAT = "dwarf-with-dsym";
				ENABLE_NS_ASSERTIONS = NO;
				ENABLE_STRICT_OBJC_MSGSEND = YES;
				GCC_C_LANGUAGE_STANDARD = gnu11;
				GCC_NO_COMMON_BLOCKS = YES;
				GCC_WARN_64_TO_32_BIT_CONVERSION = YES;
				GCC_WARN_ABOUT_RETURN_TYPE = YES_ERROR;
				GCC_WARN_UNDECLARED_SELECTOR = YES;
				GCC_WARN_UNINITIALIZED_AUTOS = YES_AGGRESSIVE;
				GCC_WARN_UNUSED_FUNCTION = YES;
				GCC_WARN_UNUSED_VARIABLE = YES;
				IPHONEOS_DEPLOYMENT_TARGET = 15.4;
				MTL_ENABLE_DEBUG_INFO = NO;
				MTL_FAST_MATH = YES;
				SDKROOT = iphoneos;
				SWIFT_COMPILATION_MODE = wholemodule;
				SWIFT_OPTIMIZATION_LEVEL = "-O";
				VALIDATE_PRODUCT = YES;
			};
			name = Release;
		};
		9863B1162891310B0080E247 /* Debug */ = {
			isa = XCBuildConfiguration;
			buildSettings = {
				ASSETCATALOG_COMPILER_APPICON_NAME = AppIcon;
				ASSETCATALOG_COMPILER_GLOBAL_ACCENT_COLOR_NAME = AccentColor;
				CODE_SIGN_STYLE = Automatic;
				CURRENT_PROJECT_VERSION = 1;
				GENERATE_INFOPLIST_FILE = YES;
				INFOPLIST_FILE = Tamagotchi_Assessment/Info.plist;
				INFOPLIST_KEY_CFBundleDisplayName = "장태환";
				INFOPLIST_KEY_UIApplicationSupportsIndirectInputEvents = YES;
				INFOPLIST_KEY_UILaunchStoryboardName = LaunchScreen;
				INFOPLIST_KEY_UIMainStoryboardFile = Main;
				INFOPLIST_KEY_UISupportedInterfaceOrientations = UIInterfaceOrientationPortrait;
				INFOPLIST_KEY_UISupportedInterfaceOrientations_iPad = "UIInterfaceOrientationPortrait UIInterfaceOrientationPortraitUpsideDown UIInterfaceOrientationLandscapeLeft UIInterfaceOrientationLandscapeRight";
				INFOPLIST_KEY_UISupportedInterfaceOrientations_iPhone = "UIInterfaceOrientationPortrait UIInterfaceOrientationLandscapeLeft UIInterfaceOrientationLandscapeRight";
				IPHONEOS_DEPLOYMENT_TARGET = 15.0;
				LD_RUNPATH_SEARCH_PATHS = (
					"$(inherited)",
					"@executable_path/Frameworks",
				);
				MARKETING_VERSION = 1.0;
				PRODUCT_BUNDLE_IDENTIFIER = "com.taehwan.Tamagotchi-Assessment";
				PRODUCT_NAME = "$(TARGET_NAME)";
				SWIFT_EMIT_LOC_STRINGS = YES;
				SWIFT_VERSION = 5.0;
				TARGETED_DEVICE_FAMILY = 1;
			};
			name = Debug;
		};
		9863B1172891310B0080E247 /* Release */ = {
			isa = XCBuildConfiguration;
			buildSettings = {
				ASSETCATALOG_COMPILER_APPICON_NAME = AppIcon;
				ASSETCATALOG_COMPILER_GLOBAL_ACCENT_COLOR_NAME = AccentColor;
				CODE_SIGN_STYLE = Automatic;
				CURRENT_PROJECT_VERSION = 1;
				GENERATE_INFOPLIST_FILE = YES;
				INFOPLIST_FILE = Tamagotchi_Assessment/Info.plist;
				INFOPLIST_KEY_CFBundleDisplayName = "장태환";
				INFOPLIST_KEY_UIApplicationSupportsIndirectInputEvents = YES;
				INFOPLIST_KEY_UILaunchStoryboardName = LaunchScreen;
				INFOPLIST_KEY_UIMainStoryboardFile = Main;
				INFOPLIST_KEY_UISupportedInterfaceOrientations = UIInterfaceOrientationPortrait;
				INFOPLIST_KEY_UISupportedInterfaceOrientations_iPad = "UIInterfaceOrientationPortrait UIInterfaceOrientationPortraitUpsideDown UIInterfaceOrientationLandscapeLeft UIInterfaceOrientationLandscapeRight";
				INFOPLIST_KEY_UISupportedInterfaceOrientations_iPhone = "UIInterfaceOrientationPortrait UIInterfaceOrientationLandscapeLeft UIInterfaceOrientationLandscapeRight";
				IPHONEOS_DEPLOYMENT_TARGET = 15.0;
				LD_RUNPATH_SEARCH_PATHS = (
					"$(inherited)",
					"@executable_path/Frameworks",
				);
				MARKETING_VERSION = 1.0;
				PRODUCT_BUNDLE_IDENTIFIER = "com.taehwan.Tamagotchi-Assessment";
				PRODUCT_NAME = "$(TARGET_NAME)";
				SWIFT_EMIT_LOC_STRINGS = YES;
				SWIFT_VERSION = 5.0;
				TARGETED_DEVICE_FAMILY = 1;
			};
			name = Release;
		};
/* End XCBuildConfiguration section */

/* Begin XCConfigurationList section */
		9863B0FC2891310A0080E247 /* Build configuration list for PBXProject "Tamagotchi_Assessment" */ = {
			isa = XCConfigurationList;
			buildConfigurations = (
				9863B1132891310B0080E247 /* Debug */,
				9863B1142891310B0080E247 /* Release */,
			);
			defaultConfigurationIsVisible = 0;
			defaultConfigurationName = Release;
		};
		9863B1152891310B0080E247 /* Build configuration list for PBXNativeTarget "Tamagotchi_Assessment" */ = {
			isa = XCConfigurationList;
			buildConfigurations = (
				9863B1162891310B0080E247 /* Debug */,
				9863B1172891310B0080E247 /* Release */,
			);
			defaultConfigurationIsVisible = 0;
			defaultConfigurationName = Release;
		};
/* End XCConfigurationList section */
	};
	rootObject = 9863B0F92891310A0080E247 /* Project object */;
}
